
Microsoft Visual Studio Solution File, Format Version 12.00
# Visual Studio 15
VisualStudioVersion = 15.0.26124.0
MinimumVisualStudioVersion = 15.0.26124.0
Project("{2150E333-8FDC-42A3-9474-1A3956D46DE8}") = "src", "src", "{FFB90627-F18F-444B-8B98-F99EEAF16FD3}"
EndProject
Project("{FAE04EC0-301F-11D3-BF4B-00C04F79EFBC}") = "Inshapardaz.Database.Migrations", "src\Inshapardaz.Database.Migrations\Inshapardaz.Database.Migrations.csproj", "{715B3DC9-510D-4CF9-B2C2-5A68DE6D9331}"
EndProject
Project("{2150E333-8FDC-42A3-9474-1A3956D46DE8}") = "test", "test", "{8071A586-7111-4591-B0D2-77471441DFF2}"
EndProject
Project("{FAE04EC0-301F-11D3-BF4B-00C04F79EFBC}") = "Inshapardaz.Database.Migrations.Tests", "test\Inshapardaz.Database.Migrations.Tests\Inshapardaz.Database.Migrations.Tests.csproj", "{AC3AD3E7-3F35-4B1F-9234-9898CABB573E}"
EndProject
Global
	GlobalSection(SolutionConfigurationPlatforms) = preSolution
		Debug|Any CPU = Debug|Any CPU
		Debug|x64 = Debug|x64
		Debug|x86 = Debug|x86
		Release|Any CPU = Release|Any CPU
		Release|x64 = Release|x64
		Release|x86 = Release|x86
	EndGlobalSection
	GlobalSection(SolutionProperties) = preSolution
		HideSolutionNode = FALSE
	EndGlobalSection
	GlobalSection(ProjectConfigurationPlatforms) = postSolution
		{715B3DC9-510D-4CF9-B2C2-5A68DE6D9331}.Debug|Any CPU.ActiveCfg = Debug|Any CPU
		{715B3DC9-510D-4CF9-B2C2-5A68DE6D9331}.Debug|Any CPU.Build.0 = Debug|Any CPU
		{715B3DC9-510D-4CF9-B2C2-5A68DE6D9331}.Debug|x64.ActiveCfg = Debug|Any CPU
		{715B3DC9-510D-4CF9-B2C2-5A68DE6D9331}.Debug|x64.Build.0 = Debug|Any CPU
		{715B3DC9-510D-4CF9-B2C2-5A68DE6D9331}.Debug|x86.ActiveCfg = Debug|Any CPU
		{715B3DC9-510D-4CF9-B2C2-5A68DE6D9331}.Debug|x86.Build.0 = Debug|Any CPU
		{715B3DC9-510D-4CF9-B2C2-5A68DE6D9331}.Release|Any CPU.ActiveCfg = Release|Any CPU
		{715B3DC9-510D-4CF9-B2C2-5A68DE6D9331}.Release|Any CPU.Build.0 = Release|Any CPU
		{715B3DC9-510D-4CF9-B2C2-5A68DE6D9331}.Release|x64.ActiveCfg = Release|Any CPU
		{715B3DC9-510D-4CF9-B2C2-5A68DE6D9331}.Release|x64.Build.0 = Release|Any CPU
		{715B3DC9-510D-4CF9-B2C2-5A68DE6D9331}.Release|x86.ActiveCfg = Release|Any CPU
		{715B3DC9-510D-4CF9-B2C2-5A68DE6D9331}.Release|x86.Build.0 = Release|Any CPU
		{AC3AD3E7-3F35-4B1F-9234-9898CABB573E}.Debug|Any CPU.ActiveCfg = Debug|Any CPU
		{AC3AD3E7-3F35-4B1F-9234-9898CABB573E}.Debug|Any CPU.Build.0 = Debug|Any CPU
		{AC3AD3E7-3F35-4B1F-9234-9898CABB573E}.Debug|x64.ActiveCfg = Debug|Any CPU
		{AC3AD3E7-3F35-4B1F-9234-9898CABB573E}.Debug|x64.Build.0 = Debug|Any CPU
		{AC3AD3E7-3F35-4B1F-9234-9898CABB573E}.Debug|x86.ActiveCfg = Debug|Any CPU
		{AC3AD3E7-3F35-4B1F-9234-9898CABB573E}.Debug|x86.Build.0 = Debug|Any CPU
		{AC3AD3E7-3F35-4B1F-9234-9898CABB573E}.Release|Any CPU.ActiveCfg = Release|Any CPU
		{AC3AD3E7-3F35-4B1F-9234-9898CABB573E}.Release|Any CPU.Build.0 = Release|Any CPU
		{AC3AD3E7-3F35-4B1F-9234-9898CABB573E}.Release|x64.ActiveCfg = Release|Any CPU
		{AC3AD3E7-3F35-4B1F-9234-9898CABB573E}.Release|x64.Build.0 = Release|Any CPU
		{AC3AD3E7-3F35-4B1F-9234-9898CABB573E}.Release|x86.ActiveCfg = Release|Any CPU
		{AC3AD3E7-3F35-4B1F-9234-9898CABB573E}.Release|x86.Build.0 = Release|Any CPU
	EndGlobalSection
	GlobalSection(NestedProjects) = preSolution
		{715B3DC9-510D-4CF9-B2C2-5A68DE6D9331} = {FFB90627-F18F-444B-8B98-F99EEAF16FD3}
		{AC3AD3E7-3F35-4B1F-9234-9898CABB573E} = {8071A586-7111-4591-B0D2-77471441DFF2}
	EndGlobalSection
EndGlobal
